<?xml version="1.0" encoding="UTF-8"?>
<!DOCTYPE plist PUBLIC "-//Apple//DTD PLIST 1.0//EN" "http://www.apple.com/DTDs/PropertyList-1.0.dtd">
<plist version="1.0">
<dict>
	<key>archiveVersion</key>
	<string>1</string>
	<key>classes</key>
	<dict/>
	<key>objectVersion</key>
	<string>45</string>
	<key>objects</key>
	<dict>
		<key>19C28FACFE9D520D11CA2CBB</key>
		<dict>
			<key>children</key>
			<array>
				<string>1D6058910D05DD3D006BFB54</string>
				<string>8486005016255547003026E2</string>
			</array>
			<key>isa</key>
			<string>PBXGroup</string>
			<key>name</key>
			<string>Products</string>
			<key>sourceTree</key>
			<string>&lt;group&gt;</string>
		</dict>
		<key>1D30AB110D05D00D00671497</key>
		<dict>
			<key>isa</key>
			<string>PBXFileReference</string>
			<key>lastKnownFileType</key>
			<string>wrapper.framework</string>
			<key>name</key>
			<string>Foundation.framework</string>
			<key>path</key>
			<string>System/Library/Frameworks/Foundation.framework</string>
			<key>sourceTree</key>
			<string>SDKROOT</string>
		</dict>
		<key>1D60588D0D05DD3D006BFB54</key>
		<dict>
			<key>buildActionMask</key>
			<string>2147483647</string>
			<key>files</key>
			<array>
				<string>2860E329111B887F00E27156</string>
				<string>2860E32F111B888700E27156</string>
			</array>
			<key>isa</key>
			<string>PBXResourcesBuildPhase</string>
			<key>runOnlyForDeploymentPostprocessing</key>
			<string>0</string>
		</dict>
		<key>1D60588E0D05DD3D006BFB54</key>
		<dict>
			<key>buildActionMask</key>
			<string>2147483647</string>
			<key>files</key>
			<array>
				<string>2860E328111B887F00E27156</string>
				<string>2860E32E111B888700E27156</string>
				<string>D6A833EF11CDBF35001B8585</string>
				<string>D6A833F011CDBF35001B8585</string>
				<string>D6A833F111CDBF35001B8585</string>
				<string>D6A833F211CDBF35001B8585</string>
				<string>D6A833F311CDBF35001B8585</string>
				<string>D6A833F411CDBF35001B8585</string>
				<string>D6A833F511CDBF35001B8585</string>
				<string>D6A833F611CDBF35001B8585</string>
				<string>D6A833F711CDBF35001B8585</string>
				<string>D6A833F811CDBF35001B8585</string>
				<string>D6A833F911CDBF35001B8585</string>
				<string>D6A833FA11CDBF35001B8585</string>
				<string>D6A833FB11CDBF35001B8585</string>
				<string>D6A833FC11CDBF35001B8585</string>
				<string>D6A833FD11CDBF35001B8585</string>
				<string>D6A833FE11CDBF35001B8585</string>
				<string>D6A833FF11CDBF35001B8585</string>
				<string>D6A8340011CDBF35001B8585</string>
				<string>D6A8340111CDBF35001B8585</string>
				<string>D6A8340211CDBF35001B8585</string>
				<string>D6A8340311CDBF35001B8585</string>
				<string>D6A8368C11CDC755001B8585</string>
			</array>
			<key>isa</key>
			<string>PBXSourcesBuildPhase</string>
			<key>runOnlyForDeploymentPostprocessing</key>
			<string>0</string>
		</dict>
		<key>1D60588F0D05DD3D006BFB54</key>
		<dict>
			<key>buildActionMask</key>
			<string>2147483647</string>
			<key>files</key>
			<array>
				<string>1D60589F0D05DD5A006BFB54</string>
				<string>1DF5F4E00D08C38300B7A737</string>
				<string>288765FD0DF74451002DB57D</string>
				<string>D6A833ED11CDBF35001B8585</string>
			</array>
			<key>isa</key>
			<string>PBXFrameworksBuildPhase</string>
			<key>runOnlyForDeploymentPostprocessing</key>
			<string>0</string>
		</dict>
		<key>1D6058900D05DD3D006BFB54</key>
		<dict>
			<key>buildConfigurationList</key>
			<string>1D6058960D05DD3E006BFB54</string>
			<key>buildPhases</key>
			<array>
				<string>1D60588D0D05DD3D006BFB54</string>
				<string>1D60588E0D05DD3D006BFB54</string>
				<string>1D60588F0D05DD3D006BFB54</string>
			</array>
			<key>buildRules</key>
			<array/>
			<key>dependencies</key>
			<array/>
			<key>isa</key>
			<string>PBXNativeTarget</string>
			<key>name</key>
			<string>EmployeeAdmin</string>
			<key>productName</key>
			<string>EmployeeAdmin</string>
			<key>productReference</key>
			<string>1D6058910D05DD3D006BFB54</string>
			<key>productType</key>
			<string>com.apple.product-type.application</string>
		</dict>
		<key>1D6058910D05DD3D006BFB54</key>
		<dict>
			<key>explicitFileType</key>
			<string>wrapper.application</string>
			<key>includeInIndex</key>
			<string>0</string>
			<key>isa</key>
			<string>PBXFileReference</string>
			<key>name</key>
			<string>EmployeeAdmin.app</string>
			<key>path</key>
			<string>EmployeeAdmin.app</string>
			<key>sourceTree</key>
			<string>BUILT_PRODUCTS_DIR</string>
		</dict>
		<key>1D6058940D05DD3E006BFB54</key>
		<dict>
			<key>buildSettings</key>
			<dict>
				<key>ALWAYS_SEARCH_USER_PATHS</key>
				<string>NO</string>
				<key>COPY_PHASE_STRIP</key>
				<string>NO</string>
				<key>GCC_DYNAMIC_NO_PIC</key>
				<string>NO</string>
				<key>GCC_OPTIMIZATION_LEVEL</key>
				<string>0</string>
				<key>GCC_PRECOMPILE_PREFIX_HEADER</key>
				<string>YES</string>
				<key>GCC_PREFIX_HEADER</key>
				<string>EmployeeAdmin_Prefix.pch</string>
				<key>INFOPLIST_FILE</key>
				<string>EmployeeAdmin-Info.plist</string>
				<key>LIBRARY_SEARCH_PATHS</key>
				<array>
					<string>$(inherited)</string>
					<string>"$(SRCROOT)/Shared/lib/PureMVC"</string>
					<string>$(FRANK_LIBRARY_SEARCH_PATHS)</string>
				</array>
				<key>OTHER_LDFLAGS</key>
				<array>
					<string>$(inherited)</string>
					<string>$(FRANK_LDFLAGS)</string>
				</array>
				<key>PRODUCT_NAME</key>
				<string>EmployeeAdmin</string>
				<key>SDKROOT</key>
				<string>iphoneos</string>
			</dict>
			<key>isa</key>
			<string>XCBuildConfiguration</string>
			<key>name</key>
			<string>Debug</string>
		</dict>
		<key>1D6058950D05DD3E006BFB54</key>
		<dict>
			<key>buildSettings</key>
			<dict>
				<key>ALWAYS_SEARCH_USER_PATHS</key>
				<string>NO</string>
				<key>COPY_PHASE_STRIP</key>
				<string>YES</string>
				<key>GCC_PRECOMPILE_PREFIX_HEADER</key>
				<string>YES</string>
				<key>GCC_PREFIX_HEADER</key>
				<string>EmployeeAdmin_Prefix.pch</string>
				<key>INFOPLIST_FILE</key>
				<string>EmployeeAdmin-Info.plist</string>
				<key>LIBRARY_SEARCH_PATHS</key>
				<array>
					<string>$(inherited)</string>
					<string>"$(SRCROOT)/Shared/lib/PureMVC"</string>
				</array>
				<key>PRODUCT_NAME</key>
				<string>EmployeeAdmin</string>
				<key>VALIDATE_PRODUCT</key>
				<string>YES</string>
			</dict>
			<key>isa</key>
			<string>XCBuildConfiguration</string>
			<key>name</key>
			<string>Release</string>
		</dict>
		<key>1D6058960D05DD3E006BFB54</key>
		<dict>
			<key>buildConfigurations</key>
			<array>
				<string>1D6058940D05DD3E006BFB54</string>
				<string>1D6058950D05DD3E006BFB54</string>
			</array>
			<key>defaultConfigurationIsVisible</key>
			<string>0</string>
			<key>defaultConfigurationName</key>
			<string>Release</string>
			<key>isa</key>
			<string>XCConfigurationList</string>
		</dict>
		<key>1D60589F0D05DD5A006BFB54</key>
		<dict>
			<key>fileRef</key>
			<string>1D30AB110D05D00D00671497</string>
			<key>isa</key>
			<string>PBXBuildFile</string>
		</dict>
		<key>1DF5F4DF0D08C38300B7A737</key>
		<dict>
			<key>isa</key>
			<string>PBXFileReference</string>
			<key>lastKnownFileType</key>
			<string>wrapper.framework</string>
			<key>name</key>
			<string>UIKit.framework</string>
			<key>path</key>
			<string>System/Library/Frameworks/UIKit.framework</string>
			<key>sourceTree</key>
			<string>SDKROOT</string>
		</dict>
		<key>1DF5F4E00D08C38300B7A737</key>
		<dict>
			<key>fileRef</key>
			<string>1DF5F4DF0D08C38300B7A737</string>
			<key>isa</key>
			<string>PBXBuildFile</string>
		</dict>
		<key>2860E324111B887F00E27156</key>
		<dict>
			<key>children</key>
			<array>
				<string>2860E325111B887F00E27156</string>
				<string>2860E326111B887F00E27156</string>
				<string>2860E327111B887F00E27156</string>
			</array>
			<key>isa</key>
			<string>PBXGroup</string>
			<key>path</key>
			<string>iPhone</string>
			<key>sourceTree</key>
			<string>&lt;group&gt;</string>
		</dict>
		<key>2860E325111B887F00E27156</key>
		<dict>
			<key>fileEncoding</key>
			<string>4</string>
			<key>isa</key>
			<string>PBXFileReference</string>
			<key>lastKnownFileType</key>
			<string>sourcecode.c.h</string>
			<key>path</key>
			<string>AppDelegate_Phone.h</string>
			<key>sourceTree</key>
			<string>&lt;group&gt;</string>
		</dict>
		<key>2860E326111B887F00E27156</key>
		<dict>
			<key>fileEncoding</key>
			<string>4</string>
			<key>isa</key>
			<string>PBXFileReference</string>
			<key>lastKnownFileType</key>
			<string>sourcecode.c.objc</string>
			<key>path</key>
			<string>AppDelegate_Phone.m</string>
			<key>sourceTree</key>
			<string>&lt;group&gt;</string>
		</dict>
		<key>2860E327111B887F00E27156</key>
		<dict>
			<key>isa</key>
			<string>PBXFileReference</string>
			<key>lastKnownFileType</key>
			<string>file.xib</string>
			<key>path</key>
			<string>MainWindow_Phone.xib</string>
			<key>sourceTree</key>
			<string>&lt;group&gt;</string>
		</dict>
		<key>2860E328111B887F00E27156</key>
		<dict>
			<key>fileRef</key>
			<string>2860E326111B887F00E27156</string>
			<key>isa</key>
			<string>PBXBuildFile</string>
		</dict>
		<key>2860E329111B887F00E27156</key>
		<dict>
			<key>fileRef</key>
			<string>2860E327111B887F00E27156</string>
			<key>isa</key>
			<string>PBXBuildFile</string>
		</dict>
		<key>2860E32A111B888700E27156</key>
		<dict>
			<key>children</key>
			<array>
				<string>2860E32B111B888700E27156</string>
				<string>2860E32C111B888700E27156</string>
				<string>2860E32D111B888700E27156</string>
			</array>
			<key>isa</key>
			<string>PBXGroup</string>
			<key>path</key>
			<string>iPad</string>
			<key>sourceTree</key>
			<string>&lt;group&gt;</string>
		</dict>
		<key>2860E32B111B888700E27156</key>
		<dict>
			<key>fileEncoding</key>
			<string>4</string>
			<key>isa</key>
			<string>PBXFileReference</string>
			<key>lastKnownFileType</key>
			<string>sourcecode.c.h</string>
			<key>path</key>
			<string>AppDelegate_Pad.h</string>
			<key>sourceTree</key>
			<string>&lt;group&gt;</string>
		</dict>
		<key>2860E32C111B888700E27156</key>
		<dict>
			<key>fileEncoding</key>
			<string>4</string>
			<key>isa</key>
			<string>PBXFileReference</string>
			<key>lastKnownFileType</key>
			<string>sourcecode.c.objc</string>
			<key>path</key>
			<string>AppDelegate_Pad.m</string>
			<key>sourceTree</key>
			<string>&lt;group&gt;</string>
		</dict>
		<key>2860E32D111B888700E27156</key>
		<dict>
			<key>isa</key>
			<string>PBXFileReference</string>
			<key>lastKnownFileType</key>
			<string>file.xib</string>
			<key>path</key>
			<string>MainWindow_Pad.xib</string>
			<key>sourceTree</key>
			<string>&lt;group&gt;</string>
		</dict>
		<key>2860E32E111B888700E27156</key>
		<dict>
			<key>fileRef</key>
			<string>2860E32C111B888700E27156</string>
			<key>isa</key>
			<string>PBXBuildFile</string>
		</dict>
		<key>2860E32F111B888700E27156</key>
		<dict>
			<key>fileRef</key>
			<string>2860E32D111B888700E27156</string>
			<key>isa</key>
			<string>PBXBuildFile</string>
		</dict>
		<key>288765FC0DF74451002DB57D</key>
		<dict>
			<key>isa</key>
			<string>PBXFileReference</string>
			<key>lastKnownFileType</key>
			<string>wrapper.framework</string>
			<key>name</key>
			<string>CoreGraphics.framework</string>
			<key>path</key>
			<string>System/Library/Frameworks/CoreGraphics.framework</string>
			<key>sourceTree</key>
			<string>SDKROOT</string>
		</dict>
		<key>288765FD0DF74451002DB57D</key>
		<dict>
			<key>fileRef</key>
			<string>288765FC0DF74451002DB57D</string>
			<key>isa</key>
			<string>PBXBuildFile</string>
		</dict>
		<key>28EEBF621118D79A00187D67</key>
		<dict>
			<key>children</key>
			<array>
				<string>D6A8339C11CDBF35001B8585</string>
				<string>D6A833B611CDBF35001B8585</string>
				<string>8D1107310486CEB800E47090</string>
				<string>D6A8351C11CDC3D3001B8585</string>
			</array>
			<key>isa</key>
			<string>PBXGroup</string>
			<key>name</key>
			<string>Shared</string>
			<key>sourceTree</key>
			<string>&lt;group&gt;</string>
		</dict>
		<key>29B97313FDCFA39411CA2CEA</key>
		<dict>
			<key>buildConfigurationList</key>
			<string>C01FCF4E08A954540054247B</string>
			<key>compatibilityVersion</key>
			<string>Xcode 3.1</string>
			<key>developmentRegion</key>
			<string>English</string>
			<key>hasScannedForEncodings</key>
			<string>1</string>
			<key>isa</key>
			<string>PBXProject</string>
			<key>knownRegions</key>
			<array>
				<string>English</string>
				<string>Japanese</string>
				<string>French</string>
				<string>German</string>
			</array>
			<key>mainGroup</key>
			<string>29B97314FDCFA39411CA2CEA</string>
			<key>projectDirPath</key>
			<string></string>
			<key>projectRoot</key>
			<string></string>
			<key>targets</key>
			<array>
				<string>1D6058900D05DD3D006BFB54</string>
				<string>8486002B16255547003026E2</string>
			</array>
		</dict>
		<key>29B97314FDCFA39411CA2CEA</key>
		<dict>
			<key>children</key>
			<array>
				<string>84860054162555B3003026E2</string>
				<string>C9F072DF160C31AA00418A5E</string>
				<string>2860E32A111B888700E27156</string>
				<string>2860E324111B887F00E27156</string>
				<string>28EEBF621118D79A00187D67</string>
				<string>29B97315FDCFA39411CA2CEA</string>
				<string>29B97323FDCFA39411CA2CEA</string>
				<string>19C28FACFE9D520D11CA2CBB</string>
				<string>8486005216255547003026E2</string>
			</array>
			<key>isa</key>
			<string>PBXGroup</string>
			<key>name</key>
			<string>CustomTemplate</string>
			<key>sourceTree</key>
			<string>&lt;group&gt;</string>
		</dict>
		<key>29B97315FDCFA39411CA2CEA</key>
		<dict>
			<key>children</key>
			<array>
				<string>32CA4F630368D1EE00C91783</string>
				<string>29B97316FDCFA39411CA2CEA</string>
			</array>
			<key>isa</key>
			<string>PBXGroup</string>
			<key>name</key>
			<string>Other Sources</string>
			<key>sourceTree</key>
			<string>&lt;group&gt;</string>
		</dict>
		<key>29B97316FDCFA39411CA2CEA</key>
		<dict>
			<key>fileEncoding</key>
			<string>4</string>
			<key>isa</key>
			<string>PBXFileReference</string>
			<key>lastKnownFileType</key>
			<string>sourcecode.c.objc</string>
			<key>name</key>
			<string>main.m</string>
			<key>path</key>
			<string>Shared/main.m</string>
			<key>sourceTree</key>
			<string>&lt;group&gt;</string>
		</dict>
		<key>29B97323FDCFA39411CA2CEA</key>
		<dict>
			<key>children</key>
			<array>
				<string>D6A8368211CDC5BA001B8585</string>
				<string>1DF5F4DF0D08C38300B7A737</string>
				<string>1D30AB110D05D00D00671497</string>
				<string>288765FC0DF74451002DB57D</string>
			</array>
			<key>isa</key>
			<string>PBXGroup</string>
			<key>name</key>
			<string>Frameworks</string>
			<key>sourceTree</key>
			<string>&lt;group&gt;</string>
		</dict>
		<key>32CA4F630368D1EE00C91783</key>
		<dict>
			<key>fileEncoding</key>
			<string>4</string>
			<key>isa</key>
			<string>PBXFileReference</string>
			<key>lastKnownFileType</key>
			<string>sourcecode.c.h</string>
			<key>path</key>
			<string>EmployeeAdmin_Prefix.pch</string>
			<key>sourceTree</key>
			<string>&lt;group&gt;</string>
		</dict>
		<key>8486002B16255547003026E2</key>
		<dict>
			<key>buildConfigurationList</key>
			<string>8486004D16255547003026E2</string>
			<key>buildPhases</key>
			<array>
				<string>8486002C16255547003026E2</string>
				<string>8486002F16255547003026E2</string>
				<string>8486004816255547003026E2</string>
			</array>
			<key>buildRules</key>
			<array/>
			<key>dependencies</key>
			<array/>
			<key>isa</key>
			<string>PBXNativeTarget</string>
			<key>name</key>
			<string>EmployeeAdminFrankify</string>
			<key>productName</key>
			<string>EmployeeAdmin</string>
			<key>productReference</key>
			<string>8486005016255547003026E2</string>
			<key>productType</key>
			<string>com.apple.product-type.application</string>
		</dict>
		<key>8486002C16255547003026E2</key>
		<dict>
			<key>buildActionMask</key>
			<string>2147483647</string>
			<key>files</key>
			<array>
				<string>8486002D16255547003026E2</string>
				<string>8486002E16255547003026E2</string>
				<string>84860062162555B3003026E2</string>
				<string>84860063162555B3003026E2</string>
				<string>84860064162555B3003026E2</string>
				<string>84860065162555B3003026E2</string>
				<string>84860066162555B3003026E2</string>
				<string>84860067162555B3003026E2</string>
			</array>
			<key>isa</key>
			<string>PBXResourcesBuildPhase</string>
			<key>runOnlyForDeploymentPostprocessing</key>
			<string>0</string>
		</dict>
		<key>8486002D16255547003026E2</key>
		<dict>
			<key>fileRef</key>
			<string>2860E327111B887F00E27156</string>
			<key>isa</key>
			<string>PBXBuildFile</string>
		</dict>
		<key>8486002E16255547003026E2</key>
		<dict>
			<key>fileRef</key>
			<string>2860E32D111B888700E27156</string>
			<key>isa</key>
			<string>PBXBuildFile</string>
		</dict>
		<key>8486002F16255547003026E2</key>
		<dict>
			<key>buildActionMask</key>
			<string>2147483647</string>
			<key>files</key>
			<array>
				<string>8486003016255547003026E2</string>
				<string>8486003116255547003026E2</string>
				<string>8486003216255547003026E2</string>
				<string>8486003316255547003026E2</string>
				<string>8486003416255547003026E2</string>
				<string>8486003516255547003026E2</string>
				<string>8486003616255547003026E2</string>
				<string>8486003716255547003026E2</string>
				<string>8486003816255547003026E2</string>
				<string>8486003916255547003026E2</string>
				<string>8486003A16255547003026E2</string>
				<string>8486003B16255547003026E2</string>
				<string>8486003C16255547003026E2</string>
				<string>8486003D16255547003026E2</string>
				<string>8486003E16255547003026E2</string>
				<string>8486003F16255547003026E2</string>
				<string>8486004016255547003026E2</string>
				<string>8486004116255547003026E2</string>
				<string>8486004216255547003026E2</string>
				<string>8486004316255547003026E2</string>
				<string>8486004416255547003026E2</string>
				<string>8486004516255547003026E2</string>
				<string>8486004616255547003026E2</string>
				<string>8486004716255547003026E2</string>
			</array>
			<key>isa</key>
			<string>PBXSourcesBuildPhase</string>
			<key>runOnlyForDeploymentPostprocessing</key>
			<string>0</string>
		</dict>
		<key>8486003016255547003026E2</key>
		<dict>
			<key>fileRef</key>
			<string>2860E326111B887F00E27156</string>
			<key>isa</key>
			<string>PBXBuildFile</string>
		</dict>
		<key>8486003116255547003026E2</key>
		<dict>
			<key>fileRef</key>
			<string>2860E32C111B888700E27156</string>
			<key>isa</key>
			<string>PBXBuildFile</string>
		</dict>
		<key>8486003216255547003026E2</key>
		<dict>
			<key>fileRef</key>
			<string>D6A833BE11CDBF35001B8585</string>
			<key>isa</key>
			<string>PBXBuildFile</string>
		</dict>
		<key>8486003316255547003026E2</key>
		<dict>
			<key>fileRef</key>
			<string>D6A833C111CDBF35001B8585</string>
			<key>isa</key>
			<string>PBXBuildFile</string>
		</dict>
		<key>8486003416255547003026E2</key>
		<dict>
			<key>fileRef</key>
			<string>D6A833C311CDBF35001B8585</string>
			<key>isa</key>
			<string>PBXBuildFile</string>
		</dict>
		<key>8486003516255547003026E2</key>
		<dict>
			<key>fileRef</key>
			<string>D6A833C511CDBF35001B8585</string>
			<key>isa</key>
			<string>PBXBuildFile</string>
		</dict>
		<key>8486003616255547003026E2</key>
		<dict>
			<key>fileRef</key>
			<string>D6A833C711CDBF35001B8585</string>
			<key>isa</key>
			<string>PBXBuildFile</string>
		</dict>
		<key>8486003716255547003026E2</key>
		<dict>
			<key>fileRef</key>
			<string>D6A833C911CDBF35001B8585</string>
			<key>isa</key>
			<string>PBXBuildFile</string>
		</dict>
		<key>8486003816255547003026E2</key>
		<dict>
			<key>fileRef</key>
			<string>D6A833CB11CDBF35001B8585</string>
			<key>isa</key>
			<string>PBXBuildFile</string>
		</dict>
		<key>8486003916255547003026E2</key>
		<dict>
			<key>fileRef</key>
			<string>D6A833CD11CDBF35001B8585</string>
			<key>isa</key>
			<string>PBXBuildFile</string>
		</dict>
		<key>8486003A16255547003026E2</key>
		<dict>
			<key>fileRef</key>
			<string>D6A833D111CDBF35001B8585</string>
			<key>isa</key>
			<string>PBXBuildFile</string>
		</dict>
		<key>8486003B16255547003026E2</key>
		<dict>
			<key>fileRef</key>
			<string>D6A833D311CDBF35001B8585</string>
			<key>isa</key>
			<string>PBXBuildFile</string>
		</dict>
		<key>8486003C16255547003026E2</key>
		<dict>
			<key>fileRef</key>
			<string>D6A833D511CDBF35001B8585</string>
			<key>isa</key>
			<string>PBXBuildFile</string>
		</dict>
		<key>8486003D16255547003026E2</key>
		<dict>
			<key>fileRef</key>
			<string>D6A833D811CDBF35001B8585</string>
			<key>isa</key>
			<string>PBXBuildFile</string>
		</dict>
		<key>8486003E16255547003026E2</key>
		<dict>
			<key>fileRef</key>
			<string>D6A833DA11CDBF35001B8585</string>
			<key>isa</key>
			<string>PBXBuildFile</string>
		</dict>
		<key>8486003F16255547003026E2</key>
		<dict>
			<key>fileRef</key>
			<string>D6A833DE11CDBF35001B8585</string>
			<key>isa</key>
			<string>PBXBuildFile</string>
		</dict>
		<key>8486004016255547003026E2</key>
		<dict>
			<key>fileRef</key>
			<string>D6A833E011CDBF35001B8585</string>
			<key>isa</key>
			<string>PBXBuildFile</string>
		</dict>
		<key>8486004116255547003026E2</key>
		<dict>
			<key>fileRef</key>
			<string>D6A833E211CDBF35001B8585</string>
			<key>isa</key>
			<string>PBXBuildFile</string>
		</dict>
		<key>8486004216255547003026E2</key>
		<dict>
			<key>fileRef</key>
			<string>D6A833E411CDBF35001B8585</string>
			<key>isa</key>
			<string>PBXBuildFile</string>
		</dict>
		<key>8486004316255547003026E2</key>
		<dict>
			<key>fileRef</key>
			<string>D6A833E611CDBF35001B8585</string>
			<key>isa</key>
			<string>PBXBuildFile</string>
		</dict>
		<key>8486004416255547003026E2</key>
		<dict>
			<key>fileRef</key>
			<string>D6A833E811CDBF35001B8585</string>
			<key>isa</key>
			<string>PBXBuildFile</string>
		</dict>
		<key>8486004516255547003026E2</key>
		<dict>
			<key>fileRef</key>
			<string>D6A833EA11CDBF35001B8585</string>
			<key>isa</key>
			<string>PBXBuildFile</string>
		</dict>
		<key>8486004616255547003026E2</key>
		<dict>
			<key>fileRef</key>
			<string>D6A833EC11CDBF35001B8585</string>
			<key>isa</key>
			<string>PBXBuildFile</string>
		</dict>
		<key>8486004716255547003026E2</key>
		<dict>
			<key>fileRef</key>
			<string>29B97316FDCFA39411CA2CEA</string>
			<key>isa</key>
			<string>PBXBuildFile</string>
		</dict>
		<key>8486004816255547003026E2</key>
		<dict>
			<key>buildActionMask</key>
			<string>2147483647</string>
			<key>files</key>
			<array>
				<string>8486007216255722003026E2</string>
				<string>848600701625570A003026E2</string>
				<string>8486004916255547003026E2</string>
				<string>8486004A16255547003026E2</string>
				<string>8486004B16255547003026E2</string>
				<string>8486004C16255547003026E2</string>
				<string>84860068162555B3003026E2</string>
				<string>84860069162555B3003026E2</string>
				<string>8486006A162555B3003026E2</string>
			</array>
			<key>isa</key>
			<string>PBXFrameworksBuildPhase</string>
			<key>runOnlyForDeploymentPostprocessing</key>
			<string>0</string>
		</dict>
		<key>8486004916255547003026E2</key>
		<dict>
			<key>fileRef</key>
			<string>1D30AB110D05D00D00671497</string>
			<key>isa</key>
			<string>PBXBuildFile</string>
		</dict>
		<key>8486004A16255547003026E2</key>
		<dict>
			<key>fileRef</key>
			<string>1DF5F4DF0D08C38300B7A737</string>
			<key>isa</key>
			<string>PBXBuildFile</string>
		</dict>
		<key>8486004B16255547003026E2</key>
		<dict>
			<key>fileRef</key>
			<string>288765FC0DF74451002DB57D</string>
			<key>isa</key>
			<string>PBXBuildFile</string>
		</dict>
		<key>8486004C16255547003026E2</key>
		<dict>
			<key>fileRef</key>
			<string>D6A833B411CDBF35001B8585</string>
			<key>isa</key>
			<string>PBXBuildFile</string>
		</dict>
		<key>8486004D16255547003026E2</key>
		<dict>
			<key>buildConfigurations</key>
			<array>
				<string>8486004E16255547003026E2</string>
				<string>8486004F16255547003026E2</string>
			</array>
			<key>defaultConfigurationIsVisible</key>
			<string>0</string>
			<key>defaultConfigurationName</key>
			<string>Release</string>
			<key>isa</key>
			<string>XCConfigurationList</string>
		</dict>
		<key>8486004E16255547003026E2</key>
		<dict>
			<key>buildSettings</key>
			<dict>
				<key>ALWAYS_SEARCH_USER_PATHS</key>
				<string>NO</string>
				<key>COPY_PHASE_STRIP</key>
				<string>NO</string>
				<key>GCC_DYNAMIC_NO_PIC</key>
				<string>NO</string>
				<key>GCC_OPTIMIZATION_LEVEL</key>
				<string>0</string>
				<key>GCC_PRECOMPILE_PREFIX_HEADER</key>
				<string>YES</string>
				<key>GCC_PREFIX_HEADER</key>
				<string>EmployeeAdmin_Prefix.pch</string>
				<key>INFOPLIST_FILE</key>
				<string>EmployeeAdmin copy-Info.plist</string>
				<key>LIBRARY_SEARCH_PATHS</key>
				<array>
					<string>$(inherited)</string>
					<string>"$(SRCROOT)/Shared/lib/PureMVC"</string>
					<string>$(FRANK_LIBRARY_SEARCH_PATHS)</string>
					<string>"$(SRCROOT)/Frank"</string>
				</array>
				<key>OTHER_LDFLAGS</key>
				<array>
					<string>$(inherited)</string>
					<string>$(FRANK_LDFLAGS)</string>
				</array>
				<key>PRODUCT_NAME</key>
				<string>EmployeeAdmin copy</string>
				<key>SDKROOT</key>
				<string>iphoneos</string>
			</dict>
			<key>isa</key>
			<string>XCBuildConfiguration</string>
			<key>name</key>
			<string>Debug</string>
		</dict>
		<key>8486004F16255547003026E2</key>
		<dict>
			<key>buildSettings</key>
			<dict>
				<key>ALWAYS_SEARCH_USER_PATHS</key>
				<string>NO</string>
				<key>COPY_PHASE_STRIP</key>
				<string>YES</string>
				<key>GCC_PRECOMPILE_PREFIX_HEADER</key>
				<string>YES</string>
				<key>GCC_PREFIX_HEADER</key>
				<string>EmployeeAdmin_Prefix.pch</string>
				<key>INFOPLIST_FILE</key>
				<string>EmployeeAdmin copy-Info.plist</string>
				<key>LIBRARY_SEARCH_PATHS</key>
				<array>
					<string>$(inherited)</string>
					<string>"$(SRCROOT)/Shared/lib/PureMVC"</string>
					<string>"$(SRCROOT)/Frank"</string>
				</array>
				<key>PRODUCT_NAME</key>
				<string>EmployeeAdmin copy</string>
				<key>VALIDATE_PRODUCT</key>
				<string>YES</string>
			</dict>
			<key>isa</key>
			<string>XCBuildConfiguration</string>
			<key>name</key>
			<string>Release</string>
		</dict>
		<key>8486005016255547003026E2</key>
		<dict>
			<key>explicitFileType</key>
			<string>wrapper.application</string>
			<key>includeInIndex</key>
			<string>0</string>
			<key>isa</key>
			<string>PBXFileReference</string>
			<key>name</key>
			<string>EmployeeAdmin copy.app</string>
			<key>path</key>
			<string>EmployeeAdmin copy.app</string>
			<key>sourceTree</key>
			<string>BUILT_PRODUCTS_DIR</string>
		</dict>
		<key>8486005216255547003026E2</key>
		<dict>
			<key>isa</key>
			<string>PBXFileReference</string>
			<key>lastKnownFileType</key>
			<string>text.plist.xml</string>
			<key>name</key>
			<string>EmployeeAdmin copy-Info.plist</string>
			<key>path</key>
			<string>/Users/Admin/MobileApps/iPhone/EmployeeAdminiOSApp/EmployeeAdmin copy-Info.plist</string>
			<key>sourceTree</key>
			<string>&lt;absolute&gt;</string>
		</dict>
		<key>84860054162555B3003026E2</key>
		<dict>
			<key>children</key>
			<array>
				<string>84860055162555B3003026E2</string>
				<string>8486005B162555B3003026E2</string>
				<string>8486005C162555B3003026E2</string>
				<string>8486005E162555B3003026E2</string>
				<string>8486005F162555B3003026E2</string>
				<string>84860060162555B3003026E2</string>
				<string>84860061162555B3003026E2</string>
			</array>
			<key>isa</key>
			<string>PBXGroup</string>
			<key>path</key>
			<string>Frank</string>
			<key>sourceTree</key>
			<string>&lt;group&gt;</string>
		</dict>
		<key>84860055162555B3003026E2</key>
		<dict>
			<key>children</key>
			<array>
				<string>84860056162555B3003026E2</string>
				<string>84860057162555B3003026E2</string>
				<string>84860059162555B3003026E2</string>
			</array>
			<key>isa</key>
			<string>PBXGroup</string>
			<key>path</key>
			<string>features</string>
			<key>sourceTree</key>
			<string>&lt;group&gt;</string>
		</dict>
		<key>84860056162555B3003026E2</key>
		<dict>
			<key>fileEncoding</key>
			<string>4</string>
			<key>isa</key>
			<string>PBXFileReference</string>
			<key>lastKnownFileType</key>
			<string>text</string>
			<key>path</key>
			<string>my_first.feature</string>
			<key>sourceTree</key>
			<string>&lt;group&gt;</string>
		</dict>
		<key>84860057162555B3003026E2</key>
		<dict>
			<key>children</key>
			<array>
				<string>84860058162555B3003026E2</string>
			</array>
			<key>isa</key>
			<string>PBXGroup</string>
			<key>path</key>
			<string>step_definitions</string>
			<key>sourceTree</key>
			<string>&lt;group&gt;</string>
		</dict>
		<key>84860058162555B3003026E2</key>
		<dict>
			<key>fileEncoding</key>
			<string>4</string>
			<key>isa</key>
			<string>PBXFileReference</string>
			<key>lastKnownFileType</key>
			<string>text.script.ruby</string>
			<key>path</key>
			<string>launch_steps.rb</string>
			<key>sourceTree</key>
			<string>&lt;group&gt;</string>
		</dict>
		<key>84860059162555B3003026E2</key>
		<dict>
			<key>children</key>
			<array>
				<string>8486005A162555B3003026E2</string>
			</array>
			<key>isa</key>
			<string>PBXGroup</string>
			<key>path</key>
			<string>support</string>
			<key>sourceTree</key>
			<string>&lt;group&gt;</string>
		</dict>
		<key>8486005A162555B3003026E2</key>
		<dict>
			<key>fileEncoding</key>
			<string>4</string>
			<key>isa</key>
			<string>PBXFileReference</string>
			<key>lastKnownFileType</key>
			<string>text.script.ruby</string>
			<key>path</key>
			<string>env.rb</string>
			<key>sourceTree</key>
			<string>&lt;group&gt;</string>
		</dict>
		<key>8486005B162555B3003026E2</key>
		<dict>
			<key>isa</key>
			<string>PBXFileReference</string>
			<key>lastKnownFileType</key>
			<string>wrapper.plug-in</string>
			<key>path</key>
			<string>frank_static_resources.bundle</string>
			<key>sourceTree</key>
			<string>&lt;group&gt;</string>
		</dict>
		<key>8486005C162555B3003026E2</key>
		<dict>
			<key>children</key>
			<array>
				<string>8486005D162555B3003026E2</string>
			</array>
			<key>isa</key>
			<string>PBXGroup</string>
			<key>path</key>
			<string>frankified_build</string>
			<key>sourceTree</key>
			<string>&lt;group&gt;</string>
		</dict>
		<key>8486005D162555B3003026E2</key>
		<dict>
			<key>isa</key>
			<string>PBXFileReference</string>
			<key>lastKnownFileType</key>
			<string>wrapper.application</string>
			<key>path</key>
			<string>Frankified.app</string>
			<key>sourceTree</key>
			<string>&lt;group&gt;</string>
		</dict>
		<key>8486005E162555B3003026E2</key>
		<dict>
			<key>fileEncoding</key>
			<string>4</string>
			<key>isa</key>
			<string>PBXFileReference</string>
			<key>lastKnownFileType</key>
			<string>text.xcconfig</string>
			<key>path</key>
			<string>frankify.xcconfig</string>
			<key>sourceTree</key>
			<string>&lt;group&gt;</string>
		</dict>
		<key>8486005F162555B3003026E2</key>
		<dict>
			<key>isa</key>
			<string>PBXFileReference</string>
			<key>lastKnownFileType</key>
			<string>archive.ar</string>
			<key>path</key>
			<string>libCocoaHTTPServer.a</string>
			<key>sourceTree</key>
			<string>&lt;group&gt;</string>
		</dict>
		<key>84860060162555B3003026E2</key>
		<dict>
			<key>isa</key>
			<string>PBXFileReference</string>
			<key>lastKnownFileType</key>
			<string>archive.ar</string>
			<key>path</key>
			<string>libFrank.a</string>
			<key>sourceTree</key>
			<string>&lt;group&gt;</string>
		</dict>
		<key>84860061162555B3003026E2</key>
		<dict>
			<key>isa</key>
			<string>PBXFileReference</string>
			<key>lastKnownFileType</key>
			<string>archive.ar</string>
			<key>path</key>
			<string>libShelley.a</string>
			<key>sourceTree</key>
			<string>&lt;group&gt;</string>
		</dict>
		<key>84860062162555B3003026E2</key>
		<dict>
			<key>fileRef</key>
			<string>84860056162555B3003026E2</string>
			<key>isa</key>
			<string>PBXBuildFile</string>
		</dict>
		<key>84860063162555B3003026E2</key>
		<dict>
			<key>fileRef</key>
			<string>84860058162555B3003026E2</string>
			<key>isa</key>
			<string>PBXBuildFile</string>
		</dict>
		<key>84860064162555B3003026E2</key>
		<dict>
			<key>fileRef</key>
			<string>8486005A162555B3003026E2</string>
			<key>isa</key>
			<string>PBXBuildFile</string>
		</dict>
		<key>84860065162555B3003026E2</key>
		<dict>
			<key>fileRef</key>
			<string>8486005B162555B3003026E2</string>
			<key>isa</key>
			<string>PBXBuildFile</string>
		</dict>
		<key>84860066162555B3003026E2</key>
		<dict>
			<key>fileRef</key>
			<string>8486005D162555B3003026E2</string>
			<key>isa</key>
			<string>PBXBuildFile</string>
		</dict>
		<key>84860067162555B3003026E2</key>
		<dict>
			<key>fileRef</key>
			<string>8486005E162555B3003026E2</string>
			<key>isa</key>
			<string>PBXBuildFile</string>
		</dict>
		<key>84860068162555B3003026E2</key>
		<dict>
			<key>fileRef</key>
			<string>8486005F162555B3003026E2</string>
			<key>isa</key>
			<string>PBXBuildFile</string>
		</dict>
		<key>84860069162555B3003026E2</key>
		<dict>
			<key>fileRef</key>
			<string>84860060162555B3003026E2</string>
			<key>isa</key>
			<string>PBXBuildFile</string>
		</dict>
		<key>8486006A162555B3003026E2</key>
		<dict>
			<key>fileRef</key>
			<string>84860061162555B3003026E2</string>
			<key>isa</key>
			<string>PBXBuildFile</string>
		</dict>
		<key>848600701625570A003026E2</key>
		<dict>
			<key>fileRef</key>
			<string>D6A8368211CDC5BA001B8585</string>
			<key>isa</key>
			<string>PBXBuildFile</string>
		</dict>
		<key>8486007216255722003026E2</key>
		<dict>
			<key>fileRef</key>
			<string>C9F072DF160C31AA00418A5E</string>
			<key>isa</key>
			<string>PBXBuildFile</string>
		</dict>
		<key>8D1107310486CEB800E47090</key>
		<dict>
			<key>fileEncoding</key>
			<string>4</string>
			<key>isa</key>
			<string>PBXFileReference</string>
			<key>lastKnownFileType</key>
			<string>text.plist.xml</string>
			<key>path</key>
			<string>EmployeeAdmin-Info.plist</string>
			<key>plistStructureDefinitionIdentifier</key>
			<string>com.apple.xcode.plist.structure-definition.iphone.info-plist</string>
			<key>sourceTree</key>
			<string>&lt;group&gt;</string>
		</dict>
		<key>C01FCF4E08A954540054247B</key>
		<dict>
			<key>buildConfigurations</key>
			<array>
				<string>C01FCF4F08A954540054247B</string>
				<string>C01FCF5008A954540054247B</string>
			</array>
			<key>defaultConfigurationIsVisible</key>
			<string>0</string>
			<key>defaultConfigurationName</key>
			<string>Release</string>
			<key>isa</key>
			<string>XCConfigurationList</string>
		</dict>
		<key>C01FCF4F08A954540054247B</key>
		<dict>
			<key>buildSettings</key>
			<dict>
				<key>CODE_SIGN_IDENTITY[sdk=iphoneos*]</key>
				<string>iPhone Developer</string>
				<key>GCC_C_LANGUAGE_STANDARD</key>
				<string>c99</string>
				<key>GCC_WARN_ABOUT_RETURN_TYPE</key>
				<string>YES</string>
				<key>GCC_WARN_UNUSED_VARIABLE</key>
				<string>YES</string>
				<key>IPHONEOS_DEPLOYMENT_TARGET</key>
				<string>4.3</string>
				<key>OTHER_LDFLAGS</key>
				<array>
					<string>-ObjC</string>
					<string>-all_load</string>
				</array>
				<key>PREBINDING</key>
				<string>NO</string>
				<key>SDKROOT</key>
				<string>iphoneos</string>
				<key>TARGETED_DEVICE_FAMILY</key>
				<string>1,2</string>
			</dict>
			<key>isa</key>
			<string>XCBuildConfiguration</string>
			<key>name</key>
			<string>Debug</string>
		</dict>
		<key>C01FCF5008A954540054247B</key>
		<dict>
			<key>buildSettings</key>
			<dict>
				<key>CODE_SIGN_IDENTITY[sdk=iphoneos*]</key>
				<string>iPhone Developer</string>
				<key>GCC_C_LANGUAGE_STANDARD</key>
				<string>c99</string>
				<key>GCC_WARN_ABOUT_RETURN_TYPE</key>
				<string>YES</string>
				<key>GCC_WARN_UNUSED_VARIABLE</key>
				<string>YES</string>
				<key>IPHONEOS_DEPLOYMENT_TARGET</key>
				<string>4.3</string>
				<key>OTHER_CFLAGS</key>
				<string>-DNS_BLOCK_ASSERTIONS=1</string>
				<key>OTHER_LDFLAGS</key>
				<array>
					<string>-ObjC</string>
					<string>-all_load</string>
				</array>
				<key>PREBINDING</key>
				<string>NO</string>
				<key>SDKROOT</key>
				<string>iphoneos</string>
				<key>TARGETED_DEVICE_FAMILY</key>
				<string>1,2</string>
			</dict>
			<key>isa</key>
			<string>XCBuildConfiguration</string>
			<key>name</key>
			<string>Release</string>
		</dict>
		<key>C9F072DF160C31AA00418A5E</key>
		<dict>
			<key>isa</key>
			<string>PBXFileReference</string>
			<key>lastKnownFileType</key>
			<string>wrapper.framework</string>
			<key>name</key>
			<string>Security.framework</string>
			<key>path</key>
			<string>System/Library/Frameworks/Security.framework</string>
			<key>sourceTree</key>
			<string>SDKROOT</string>
		</dict>
		<key>D6A8339C11CDBF35001B8585</key>
		<dict>
			<key>children</key>
			<array>
				<string>D6A8339D11CDBF35001B8585</string>
			</array>
			<key>isa</key>
			<string>PBXGroup</string>
			<key>name</key>
			<string>lib</string>
			<key>path</key>
			<string>Shared/lib</string>
			<key>sourceTree</key>
			<string>&lt;group&gt;</string>
		</dict>
		<key>D6A8339D11CDBF35001B8585</key>
		<dict>
			<key>children</key>
			<array>
				<string>D6A8339E11CDBF35001B8585</string>
				<string>D6A833B411CDBF35001B8585</string>
			</array>
			<key>isa</key>
			<string>PBXGroup</string>
			<key>path</key>
			<string>PureMVC</string>
			<key>sourceTree</key>
			<string>&lt;group&gt;</string>
		</dict>
		<key>D6A8339E11CDBF35001B8585</key>
		<dict>
			<key>children</key>
			<array>
				<string>D6A8339F11CDBF35001B8585</string>
				<string>D6A833A011CDBF35001B8585</string>
				<string>D6A833A111CDBF35001B8585</string>
				<string>D6A833A211CDBF35001B8585</string>
				<string>D6A833A311CDBF35001B8585</string>
				<string>D6A833A411CDBF35001B8585</string>
				<string>D6A833A511CDBF35001B8585</string>
				<string>D6A833A611CDBF35001B8585</string>
				<string>D6A833A711CDBF35001B8585</string>
				<string>D6A833A811CDBF35001B8585</string>
				<string>D6A833A911CDBF35001B8585</string>
				<string>D6A833AA11CDBF35001B8585</string>
				<string>D6A833AB11CDBF35001B8585</string>
				<string>D6A833AC11CDBF35001B8585</string>
				<string>D6A833AD11CDBF35001B8585</string>
				<string>D6A833AE11CDBF35001B8585</string>
				<string>D6A833AF11CDBF35001B8585</string>
				<string>D6A833B011CDBF35001B8585</string>
				<string>D6A833B111CDBF35001B8585</string>
				<string>D6A833B211CDBF35001B8585</string>
				<string>D6A833B311CDBF35001B8585</string>
			</array>
			<key>isa</key>
			<string>PBXGroup</string>
			<key>path</key>
			<string>headers</string>
			<key>sourceTree</key>
			<string>&lt;group&gt;</string>
		</dict>
		<key>D6A8339F11CDBF35001B8585</key>
		<dict>
			<key>fileEncoding</key>
			<string>4</string>
			<key>isa</key>
			<string>PBXFileReference</string>
			<key>lastKnownFileType</key>
			<string>sourcecode.c.h</string>
			<key>path</key>
			<string>Controller.h</string>
			<key>sourceTree</key>
			<string>&lt;group&gt;</string>
		</dict>
		<key>D6A833A011CDBF35001B8585</key>
		<dict>
			<key>fileEncoding</key>
			<string>4</string>
			<key>isa</key>
			<string>PBXFileReference</string>
			<key>lastKnownFileType</key>
			<string>sourcecode.c.h</string>
			<key>path</key>
			<string>Facade.h</string>
			<key>sourceTree</key>
			<string>&lt;group&gt;</string>
		</dict>
		<key>D6A833A111CDBF35001B8585</key>
		<dict>
			<key>fileEncoding</key>
			<string>4</string>
			<key>isa</key>
			<string>PBXFileReference</string>
			<key>lastKnownFileType</key>
			<string>sourcecode.c.h</string>
			<key>path</key>
			<string>ICommand.h</string>
			<key>sourceTree</key>
			<string>&lt;group&gt;</string>
		</dict>
		<key>D6A833A211CDBF35001B8585</key>
		<dict>
			<key>fileEncoding</key>
			<string>4</string>
			<key>isa</key>
			<string>PBXFileReference</string>
			<key>lastKnownFileType</key>
			<string>sourcecode.c.h</string>
			<key>path</key>
			<string>IController.h</string>
			<key>sourceTree</key>
			<string>&lt;group&gt;</string>
		</dict>
		<key>D6A833A311CDBF35001B8585</key>
		<dict>
			<key>fileEncoding</key>
			<string>4</string>
			<key>isa</key>
			<string>PBXFileReference</string>
			<key>lastKnownFileType</key>
			<string>sourcecode.c.h</string>
			<key>path</key>
			<string>IFacade.h</string>
			<key>sourceTree</key>
			<string>&lt;group&gt;</string>
		</dict>
		<key>D6A833A411CDBF35001B8585</key>
		<dict>
			<key>fileEncoding</key>
			<string>4</string>
			<key>isa</key>
			<string>PBXFileReference</string>
			<key>lastKnownFileType</key>
			<string>sourcecode.c.h</string>
			<key>path</key>
			<string>IMediator.h</string>
			<key>sourceTree</key>
			<string>&lt;group&gt;</string>
		</dict>
		<key>D6A833A511CDBF35001B8585</key>
		<dict>
			<key>fileEncoding</key>
			<string>4</string>
			<key>isa</key>
			<string>PBXFileReference</string>
			<key>lastKnownFileType</key>
			<string>sourcecode.c.h</string>
			<key>path</key>
			<string>IModel.h</string>
			<key>sourceTree</key>
			<string>&lt;group&gt;</string>
		</dict>
		<key>D6A833A611CDBF35001B8585</key>
		<dict>
			<key>fileEncoding</key>
			<string>4</string>
			<key>isa</key>
			<string>PBXFileReference</string>
			<key>lastKnownFileType</key>
			<string>sourcecode.c.h</string>
			<key>path</key>
			<string>INotification.h</string>
			<key>sourceTree</key>
			<string>&lt;group&gt;</string>
		</dict>
		<key>D6A833A711CDBF35001B8585</key>
		<dict>
			<key>fileEncoding</key>
			<string>4</string>
			<key>isa</key>
			<string>PBXFileReference</string>
			<key>lastKnownFileType</key>
			<string>sourcecode.c.h</string>
			<key>path</key>
			<string>INotifier.h</string>
			<key>sourceTree</key>
			<string>&lt;group&gt;</string>
		</dict>
		<key>D6A833A811CDBF35001B8585</key>
		<dict>
			<key>fileEncoding</key>
			<string>4</string>
			<key>isa</key>
			<string>PBXFileReference</string>
			<key>lastKnownFileType</key>
			<string>sourcecode.c.h</string>
			<key>path</key>
			<string>IObserver.h</string>
			<key>sourceTree</key>
			<string>&lt;group&gt;</string>
		</dict>
		<key>D6A833A911CDBF35001B8585</key>
		<dict>
			<key>fileEncoding</key>
			<string>4</string>
			<key>isa</key>
			<string>PBXFileReference</string>
			<key>lastKnownFileType</key>
			<string>sourcecode.c.h</string>
			<key>path</key>
			<string>IProxy.h</string>
			<key>sourceTree</key>
			<string>&lt;group&gt;</string>
		</dict>
		<key>D6A833AA11CDBF35001B8585</key>
		<dict>
			<key>fileEncoding</key>
			<string>4</string>
			<key>isa</key>
			<string>PBXFileReference</string>
			<key>lastKnownFileType</key>
			<string>sourcecode.c.h</string>
			<key>path</key>
			<string>IView.h</string>
			<key>sourceTree</key>
			<string>&lt;group&gt;</string>
		</dict>
		<key>D6A833AB11CDBF35001B8585</key>
		<dict>
			<key>fileEncoding</key>
			<string>4</string>
			<key>isa</key>
			<string>PBXFileReference</string>
			<key>lastKnownFileType</key>
			<string>sourcecode.c.h</string>
			<key>path</key>
			<string>MacroCommand.h</string>
			<key>sourceTree</key>
			<string>&lt;group&gt;</string>
		</dict>
		<key>D6A833AC11CDBF35001B8585</key>
		<dict>
			<key>fileEncoding</key>
			<string>4</string>
			<key>isa</key>
			<string>PBXFileReference</string>
			<key>lastKnownFileType</key>
			<string>sourcecode.c.h</string>
			<key>path</key>
			<string>Mediator.h</string>
			<key>sourceTree</key>
			<string>&lt;group&gt;</string>
		</dict>
		<key>D6A833AD11CDBF35001B8585</key>
		<dict>
			<key>fileEncoding</key>
			<string>4</string>
			<key>isa</key>
			<string>PBXFileReference</string>
			<key>lastKnownFileType</key>
			<string>sourcecode.c.h</string>
			<key>path</key>
			<string>Model.h</string>
			<key>sourceTree</key>
			<string>&lt;group&gt;</string>
		</dict>
		<key>D6A833AE11CDBF35001B8585</key>
		<dict>
			<key>fileEncoding</key>
			<string>4</string>
			<key>isa</key>
			<string>PBXFileReference</string>
			<key>lastKnownFileType</key>
			<string>sourcecode.c.h</string>
			<key>path</key>
			<string>Notification.h</string>
			<key>sourceTree</key>
			<string>&lt;group&gt;</string>
		</dict>
		<key>D6A833AF11CDBF35001B8585</key>
		<dict>
			<key>fileEncoding</key>
			<string>4</string>
			<key>isa</key>
			<string>PBXFileReference</string>
			<key>lastKnownFileType</key>
			<string>sourcecode.c.h</string>
			<key>path</key>
			<string>Notifier.h</string>
			<key>sourceTree</key>
			<string>&lt;group&gt;</string>
		</dict>
		<key>D6A833B011CDBF35001B8585</key>
		<dict>
			<key>fileEncoding</key>
			<string>4</string>
			<key>isa</key>
			<string>PBXFileReference</string>
			<key>lastKnownFileType</key>
			<string>sourcecode.c.h</string>
			<key>path</key>
			<string>Observer.h</string>
			<key>sourceTree</key>
			<string>&lt;group&gt;</string>
		</dict>
		<key>D6A833B111CDBF35001B8585</key>
		<dict>
			<key>fileEncoding</key>
			<string>4</string>
			<key>isa</key>
			<string>PBXFileReference</string>
			<key>lastKnownFileType</key>
			<string>sourcecode.c.h</string>
			<key>path</key>
			<string>Proxy.h</string>
			<key>sourceTree</key>
			<string>&lt;group&gt;</string>
		</dict>
		<key>D6A833B211CDBF35001B8585</key>
		<dict>
			<key>fileEncoding</key>
			<string>4</string>
			<key>isa</key>
			<string>PBXFileReference</string>
			<key>lastKnownFileType</key>
			<string>sourcecode.c.h</string>
			<key>path</key>
			<string>SimpleCommand.h</string>
			<key>sourceTree</key>
			<string>&lt;group&gt;</string>
		</dict>
		<key>D6A833B311CDBF35001B8585</key>
		<dict>
			<key>fileEncoding</key>
			<string>4</string>
			<key>isa</key>
			<string>PBXFileReference</string>
			<key>lastKnownFileType</key>
			<string>sourcecode.c.h</string>
			<key>path</key>
			<string>View.h</string>
			<key>sourceTree</key>
			<string>&lt;group&gt;</string>
		</dict>
		<key>D6A833B411CDBF35001B8585</key>
		<dict>
			<key>isa</key>
			<string>PBXFileReference</string>
			<key>lastKnownFileType</key>
			<string>archive.ar</string>
			<key>path</key>
			<string>PureMVC_ObjectiveC_1_1.a</string>
			<key>sourceTree</key>
			<string>&lt;group&gt;</string>
		</dict>
		<key>D6A833B611CDBF35001B8585</key>
		<dict>
			<key>children</key>
			<array>
				<string>D6A833B711CDBF35001B8585</string>
			</array>
			<key>isa</key>
			<string>PBXGroup</string>
			<key>name</key>
			<string>src</string>
			<key>path</key>
			<string>Shared/src</string>
			<key>sourceTree</key>
			<string>&lt;group&gt;</string>
		</dict>
		<key>D6A833B711CDBF35001B8585</key>
		<dict>
			<key>children</key>
			<array>
				<string>D6A833B811CDBF35001B8585</string>
			</array>
			<key>isa</key>
			<string>PBXGroup</string>
			<key>path</key>
			<string>org</string>
			<key>sourceTree</key>
			<string>&lt;group&gt;</string>
		</dict>
		<key>D6A833B811CDBF35001B8585</key>
		<dict>
			<key>children</key>
			<array>
				<string>D6A833B911CDBF35001B8585</string>
			</array>
			<key>isa</key>
			<string>PBXGroup</string>
			<key>path</key>
			<string>puremvc</string>
			<key>sourceTree</key>
			<string>&lt;group&gt;</string>
		</dict>
		<key>D6A833B911CDBF35001B8585</key>
		<dict>
			<key>children</key>
			<array>
				<string>D6A833BA11CDBF35001B8585</string>
			</array>
			<key>isa</key>
			<string>PBXGroup</string>
			<key>path</key>
			<string>objectivec</string>
			<key>sourceTree</key>
			<string>&lt;group&gt;</string>
		</dict>
		<key>D6A833BA11CDBF35001B8585</key>
		<dict>
			<key>children</key>
			<array>
				<string>D6A833BB11CDBF35001B8585</string>
			</array>
			<key>isa</key>
			<string>PBXGroup</string>
			<key>path</key>
			<string>demos</string>
			<key>sourceTree</key>
			<string>&lt;group&gt;</string>
		</dict>
		<key>D6A833BB11CDBF35001B8585</key>
		<dict>
			<key>children</key>
			<array>
				<string>D6A833BC11CDBF35001B8585</string>
			</array>
			<key>isa</key>
			<string>PBXGroup</string>
			<key>path</key>
			<string>uikit</string>
			<key>sourceTree</key>
			<string>&lt;group&gt;</string>
		</dict>
		<key>D6A833BC11CDBF35001B8585</key>
		<dict>
			<key>children</key>
			<array>
				<string>D6A833BD11CDBF35001B8585</string>
				<string>D6A833BE11CDBF35001B8585</string>
				<string>D6A833BF11CDBF35001B8585</string>
				<string>D6A833CE11CDBF35001B8585</string>
				<string>D6A833DB11CDBF35001B8585</string>
			</array>
			<key>isa</key>
			<string>PBXGroup</string>
			<key>path</key>
			<string>employeeadmin</string>
			<key>sourceTree</key>
			<string>&lt;group&gt;</string>
		</dict>
		<key>D6A833BD11CDBF35001B8585</key>
		<dict>
			<key>fileEncoding</key>
			<string>4</string>
			<key>isa</key>
			<string>PBXFileReference</string>
			<key>lastKnownFileType</key>
			<string>sourcecode.c.h</string>
			<key>path</key>
			<string>ApplicationFacade.h</string>
			<key>sourceTree</key>
			<string>&lt;group&gt;</string>
		</dict>
		<key>D6A833BE11CDBF35001B8585</key>
		<dict>
			<key>fileEncoding</key>
			<string>4</string>
			<key>isa</key>
			<string>PBXFileReference</string>
			<key>lastKnownFileType</key>
			<string>sourcecode.c.objc</string>
			<key>path</key>
			<string>ApplicationFacade.m</string>
			<key>sourceTree</key>
			<string>&lt;group&gt;</string>
		</dict>
		<key>D6A833BF11CDBF35001B8585</key>
		<dict>
			<key>children</key>
			<array>
				<string>D6A833C011CDBF35001B8585</string>
				<string>D6A833C111CDBF35001B8585</string>
				<string>D6A833C211CDBF35001B8585</string>
				<string>D6A833C311CDBF35001B8585</string>
				<string>D6A833C411CDBF35001B8585</string>
				<string>D6A833C511CDBF35001B8585</string>
				<string>D6A833C611CDBF35001B8585</string>
				<string>D6A833C711CDBF35001B8585</string>
				<string>D6A833C811CDBF35001B8585</string>
				<string>D6A833C911CDBF35001B8585</string>
				<string>D6A833CA11CDBF35001B8585</string>
				<string>D6A833CB11CDBF35001B8585</string>
				<string>D6A833CC11CDBF35001B8585</string>
				<string>D6A833CD11CDBF35001B8585</string>
			</array>
			<key>isa</key>
			<string>PBXGroup</string>
			<key>path</key>
			<string>controller</string>
			<key>sourceTree</key>
			<string>&lt;group&gt;</string>
		</dict>
		<key>D6A833C011CDBF35001B8585</key>
		<dict>
			<key>fileEncoding</key>
			<string>4</string>
			<key>isa</key>
			<string>PBXFileReference</string>
			<key>lastKnownFileType</key>
			<string>sourcecode.c.h</string>
			<key>path</key>
			<string>CreateUserCommand.h</string>
			<key>sourceTree</key>
			<string>&lt;group&gt;</string>
		</dict>
		<key>D6A833C111CDBF35001B8585</key>
		<dict>
			<key>fileEncoding</key>
			<string>4</string>
			<key>isa</key>
			<string>PBXFileReference</string>
			<key>lastKnownFileType</key>
			<string>sourcecode.c.objc</string>
			<key>path</key>
			<string>CreateUserCommand.m</string>
			<key>sourceTree</key>
			<string>&lt;group&gt;</string>
		</dict>
		<key>D6A833C211CDBF35001B8585</key>
		<dict>
			<key>fileEncoding</key>
			<string>4</string>
			<key>isa</key>
			<string>PBXFileReference</string>
			<key>lastKnownFileType</key>
			<string>sourcecode.c.h</string>
			<key>path</key>
			<string>DeleteUserCommand.h</string>
			<key>sourceTree</key>
			<string>&lt;group&gt;</string>
		</dict>
		<key>D6A833C311CDBF35001B8585</key>
		<dict>
			<key>fileEncoding</key>
			<string>4</string>
			<key>isa</key>
			<string>PBXFileReference</string>
			<key>lastKnownFileType</key>
			<string>sourcecode.c.objc</string>
			<key>path</key>
			<string>DeleteUserCommand.m</string>
			<key>sourceTree</key>
			<string>&lt;group&gt;</string>
		</dict>
		<key>D6A833C411CDBF35001B8585</key>
		<dict>
			<key>fileEncoding</key>
			<string>4</string>
			<key>isa</key>
			<string>PBXFileReference</string>
			<key>lastKnownFileType</key>
			<string>sourcecode.c.h</string>
			<key>path</key>
			<string>GetUserRolesCommand.h</string>
			<key>sourceTree</key>
			<string>&lt;group&gt;</string>
		</dict>
		<key>D6A833C511CDBF35001B8585</key>
		<dict>
			<key>fileEncoding</key>
			<string>4</string>
			<key>isa</key>
			<string>PBXFileReference</string>
			<key>lastKnownFileType</key>
			<string>sourcecode.c.objc</string>
			<key>path</key>
			<string>GetUserRolesCommand.m</string>
			<key>sourceTree</key>
			<string>&lt;group&gt;</string>
		</dict>
		<key>D6A833C611CDBF35001B8585</key>
		<dict>
			<key>fileEncoding</key>
			<string>4</string>
			<key>isa</key>
			<string>PBXFileReference</string>
			<key>lastKnownFileType</key>
			<string>sourcecode.c.h</string>
			<key>path</key>
			<string>GetUsersCommand.h</string>
			<key>sourceTree</key>
			<string>&lt;group&gt;</string>
		</dict>
		<key>D6A833C711CDBF35001B8585</key>
		<dict>
			<key>fileEncoding</key>
			<string>4</string>
			<key>isa</key>
			<string>PBXFileReference</string>
			<key>lastKnownFileType</key>
			<string>sourcecode.c.objc</string>
			<key>path</key>
			<string>GetUsersCommand.m</string>
			<key>sourceTree</key>
			<string>&lt;group&gt;</string>
		</dict>
		<key>D6A833C811CDBF35001B8585</key>
		<dict>
			<key>fileEncoding</key>
			<string>4</string>
			<key>isa</key>
			<string>PBXFileReference</string>
			<key>lastKnownFileType</key>
			<string>sourcecode.c.h</string>
			<key>path</key>
			<string>StartupCommand.h</string>
			<key>sourceTree</key>
			<string>&lt;group&gt;</string>
		</dict>
		<key>D6A833C911CDBF35001B8585</key>
		<dict>
			<key>fileEncoding</key>
			<string>4</string>
			<key>isa</key>
			<string>PBXFileReference</string>
			<key>lastKnownFileType</key>
			<string>sourcecode.c.objc</string>
			<key>path</key>
			<string>StartupCommand.m</string>
			<key>sourceTree</key>
			<string>&lt;group&gt;</string>
		</dict>
		<key>D6A833CA11CDBF35001B8585</key>
		<dict>
			<key>fileEncoding</key>
			<string>4</string>
			<key>isa</key>
			<string>PBXFileReference</string>
			<key>lastKnownFileType</key>
			<string>sourcecode.c.h</string>
			<key>path</key>
			<string>UpdateUserCommand.h</string>
			<key>sourceTree</key>
			<string>&lt;group&gt;</string>
		</dict>
		<key>D6A833CB11CDBF35001B8585</key>
		<dict>
			<key>fileEncoding</key>
			<string>4</string>
			<key>isa</key>
			<string>PBXFileReference</string>
			<key>lastKnownFileType</key>
			<string>sourcecode.c.objc</string>
			<key>path</key>
			<string>UpdateUserCommand.m</string>
			<key>sourceTree</key>
			<string>&lt;group&gt;</string>
		</dict>
		<key>D6A833CC11CDBF35001B8585</key>
		<dict>
			<key>fileEncoding</key>
			<string>4</string>
			<key>isa</key>
			<string>PBXFileReference</string>
			<key>lastKnownFileType</key>
			<string>sourcecode.c.h</string>
			<key>path</key>
			<string>UpdateUserRolesCommand.h</string>
			<key>sourceTree</key>
			<string>&lt;group&gt;</string>
		</dict>
		<key>D6A833CD11CDBF35001B8585</key>
		<dict>
			<key>fileEncoding</key>
			<string>4</string>
			<key>isa</key>
			<string>PBXFileReference</string>
			<key>lastKnownFileType</key>
			<string>sourcecode.c.objc</string>
			<key>path</key>
			<string>UpdateUserRolesCommand.m</string>
			<key>sourceTree</key>
			<string>&lt;group&gt;</string>
		</dict>
		<key>D6A833CE11CDBF35001B8585</key>
		<dict>
			<key>children</key>
			<array>
				<string>D6A833CF11CDBF35001B8585</string>
				<string>D6A833D211CDBF35001B8585</string>
				<string>D6A833D311CDBF35001B8585</string>
				<string>D6A833D411CDBF35001B8585</string>
				<string>D6A833D511CDBF35001B8585</string>
				<string>D6A833D611CDBF35001B8585</string>
			</array>
			<key>isa</key>
			<string>PBXGroup</string>
			<key>path</key>
			<string>model</string>
			<key>sourceTree</key>
			<string>&lt;group&gt;</string>
		</dict>
		<key>D6A833CF11CDBF35001B8585</key>
		<dict>
			<key>children</key>
			<array>
				<string>D6A833D011CDBF35001B8585</string>
				<string>D6A833D111CDBF35001B8585</string>
			</array>
			<key>isa</key>
			<string>PBXGroup</string>
			<key>path</key>
			<string>enum</string>
			<key>sourceTree</key>
			<string>&lt;group&gt;</string>
		</dict>
		<key>D6A833D011CDBF35001B8585</key>
		<dict>
			<key>fileEncoding</key>
			<string>4</string>
			<key>isa</key>
			<string>PBXFileReference</string>
			<key>lastKnownFileType</key>
			<string>sourcecode.c.h</string>
			<key>path</key>
			<string>UserRolesEnum.h</string>
			<key>sourceTree</key>
			<string>&lt;group&gt;</string>
		</dict>
		<key>D6A833D111CDBF35001B8585</key>
		<dict>
			<key>fileEncoding</key>
			<string>4</string>
			<key>isa</key>
			<string>PBXFileReference</string>
			<key>lastKnownFileType</key>
			<string>sourcecode.c.objc</string>
			<key>path</key>
			<string>UserRolesEnum.m</string>
			<key>sourceTree</key>
			<string>&lt;group&gt;</string>
		</dict>
		<key>D6A833D211CDBF35001B8585</key>
		<dict>
			<key>fileEncoding</key>
			<string>4</string>
			<key>isa</key>
			<string>PBXFileReference</string>
			<key>lastKnownFileType</key>
			<string>sourcecode.c.h</string>
			<key>path</key>
			<string>UserProxy.h</string>
			<key>sourceTree</key>
			<string>&lt;group&gt;</string>
		</dict>
		<key>D6A833D311CDBF35001B8585</key>
		<dict>
			<key>fileEncoding</key>
			<string>4</string>
			<key>isa</key>
			<string>PBXFileReference</string>
			<key>lastKnownFileType</key>
			<string>sourcecode.c.objc</string>
			<key>path</key>
			<string>UserProxy.m</string>
			<key>sourceTree</key>
			<string>&lt;group&gt;</string>
		</dict>
		<key>D6A833D411CDBF35001B8585</key>
		<dict>
			<key>fileEncoding</key>
			<string>4</string>
			<key>isa</key>
			<string>PBXFileReference</string>
			<key>lastKnownFileType</key>
			<string>sourcecode.c.h</string>
			<key>path</key>
			<string>UserRolesProxy.h</string>
			<key>sourceTree</key>
			<string>&lt;group&gt;</string>
		</dict>
		<key>D6A833D511CDBF35001B8585</key>
		<dict>
			<key>fileEncoding</key>
			<string>4</string>
			<key>isa</key>
			<string>PBXFileReference</string>
			<key>lastKnownFileType</key>
			<string>sourcecode.c.objc</string>
			<key>path</key>
			<string>UserRolesProxy.m</string>
			<key>sourceTree</key>
			<string>&lt;group&gt;</string>
		</dict>
		<key>D6A833D611CDBF35001B8585</key>
		<dict>
			<key>children</key>
			<array>
				<string>D6A833D711CDBF35001B8585</string>
				<string>D6A833D811CDBF35001B8585</string>
				<string>D6A833D911CDBF35001B8585</string>
				<string>D6A833DA11CDBF35001B8585</string>
			</array>
			<key>isa</key>
			<string>PBXGroup</string>
			<key>path</key>
			<string>vo</string>
			<key>sourceTree</key>
			<string>&lt;group&gt;</string>
		</dict>
		<key>D6A833D711CDBF35001B8585</key>
		<dict>
			<key>fileEncoding</key>
			<string>4</string>
			<key>isa</key>
			<string>PBXFileReference</string>
			<key>lastKnownFileType</key>
			<string>sourcecode.c.h</string>
			<key>path</key>
			<string>UserRolesVO.h</string>
			<key>sourceTree</key>
			<string>&lt;group&gt;</string>
		</dict>
		<key>D6A833D811CDBF35001B8585</key>
		<dict>
			<key>fileEncoding</key>
			<string>4</string>
			<key>isa</key>
			<string>PBXFileReference</string>
			<key>lastKnownFileType</key>
			<string>sourcecode.c.objc</string>
			<key>path</key>
			<string>UserRolesVO.m</string>
			<key>sourceTree</key>
			<string>&lt;group&gt;</string>
		</dict>
		<key>D6A833D911CDBF35001B8585</key>
		<dict>
			<key>fileEncoding</key>
			<string>4</string>
			<key>isa</key>
			<string>PBXFileReference</string>
			<key>lastKnownFileType</key>
			<string>sourcecode.c.h</string>
			<key>path</key>
			<string>UserVO.h</string>
			<key>sourceTree</key>
			<string>&lt;group&gt;</string>
		</dict>
		<key>D6A833DA11CDBF35001B8585</key>
		<dict>
			<key>fileEncoding</key>
			<string>4</string>
			<key>isa</key>
			<string>PBXFileReference</string>
			<key>lastKnownFileType</key>
			<string>sourcecode.c.objc</string>
			<key>path</key>
			<string>UserVO.m</string>
			<key>sourceTree</key>
			<string>&lt;group&gt;</string>
		</dict>
		<key>D6A833DB11CDBF35001B8585</key>
		<dict>
			<key>children</key>
			<array>
				<string>D6A833DC11CDBF35001B8585</string>
				<string>D6A833E511CDBF35001B8585</string>
				<string>D6A833E611CDBF35001B8585</string>
				<string>D6A833E711CDBF35001B8585</string>
				<string>D6A833E811CDBF35001B8585</string>
				<string>D6A833E911CDBF35001B8585</string>
				<string>D6A833EA11CDBF35001B8585</string>
				<string>D6A833EB11CDBF35001B8585</string>
				<string>D6A833EC11CDBF35001B8585</string>
			</array>
			<key>isa</key>
			<string>PBXGroup</string>
			<key>path</key>
			<string>view</string>
			<key>sourceTree</key>
			<string>&lt;group&gt;</string>
		</dict>
		<key>D6A833DC11CDBF35001B8585</key>
		<dict>
			<key>children</key>
			<array>
				<string>D6A833DD11CDBF35001B8585</string>
				<string>D6A833DE11CDBF35001B8585</string>
				<string>D6A833DF11CDBF35001B8585</string>
				<string>D6A833E011CDBF35001B8585</string>
				<string>D6A833E111CDBF35001B8585</string>
				<string>D6A833E211CDBF35001B8585</string>
				<string>D6A833E311CDBF35001B8585</string>
				<string>D6A833E411CDBF35001B8585</string>
			</array>
			<key>isa</key>
			<string>PBXGroup</string>
			<key>path</key>
			<string>components</string>
			<key>sourceTree</key>
			<string>&lt;group&gt;</string>
		</dict>
		<key>D6A833DD11CDBF35001B8585</key>
		<dict>
			<key>fileEncoding</key>
			<string>4</string>
			<key>isa</key>
			<string>PBXFileReference</string>
			<key>lastKnownFileType</key>
			<string>sourcecode.c.h</string>
			<key>path</key>
			<string>EmployeeAdmin.h</string>
			<key>sourceTree</key>
			<string>&lt;group&gt;</string>
		</dict>
		<key>D6A833DE11CDBF35001B8585</key>
		<dict>
			<key>fileEncoding</key>
			<string>4</string>
			<key>isa</key>
			<string>PBXFileReference</string>
			<key>lastKnownFileType</key>
			<string>sourcecode.c.objc</string>
			<key>path</key>
			<string>EmployeeAdmin.m</string>
			<key>sourceTree</key>
			<string>&lt;group&gt;</string>
		</dict>
		<key>D6A833DF11CDBF35001B8585</key>
		<dict>
			<key>fileEncoding</key>
			<string>4</string>
			<key>isa</key>
			<string>PBXFileReference</string>
			<key>lastKnownFileType</key>
			<string>sourcecode.c.h</string>
			<key>path</key>
			<string>UserForm.h</string>
			<key>sourceTree</key>
			<string>&lt;group&gt;</string>
		</dict>
		<key>D6A833E011CDBF35001B8585</key>
		<dict>
			<key>fileEncoding</key>
			<string>4</string>
			<key>isa</key>
			<string>PBXFileReference</string>
			<key>lastKnownFileType</key>
			<string>sourcecode.c.objc</string>
			<key>path</key>
			<string>UserForm.m</string>
			<key>sourceTree</key>
			<string>&lt;group&gt;</string>
		</dict>
		<key>D6A833E111CDBF35001B8585</key>
		<dict>
			<key>fileEncoding</key>
			<string>4</string>
			<key>isa</key>
			<string>PBXFileReference</string>
			<key>lastKnownFileType</key>
			<string>sourcecode.c.h</string>
			<key>path</key>
			<string>UserList.h</string>
			<key>sourceTree</key>
			<string>&lt;group&gt;</string>
		</dict>
		<key>D6A833E211CDBF35001B8585</key>
		<dict>
			<key>fileEncoding</key>
			<string>4</string>
			<key>isa</key>
			<string>PBXFileReference</string>
			<key>lastKnownFileType</key>
			<string>sourcecode.c.objc</string>
			<key>path</key>
			<string>UserList.m</string>
			<key>sourceTree</key>
			<string>&lt;group&gt;</string>
		</dict>
		<key>D6A833E311CDBF35001B8585</key>
		<dict>
			<key>fileEncoding</key>
			<string>4</string>
			<key>isa</key>
			<string>PBXFileReference</string>
			<key>lastKnownFileType</key>
			<string>sourcecode.c.h</string>
			<key>path</key>
			<string>UserRoles.h</string>
			<key>sourceTree</key>
			<string>&lt;group&gt;</string>
		</dict>
		<key>D6A833E411CDBF35001B8585</key>
		<dict>
			<key>fileEncoding</key>
			<string>4</string>
			<key>isa</key>
			<string>PBXFileReference</string>
			<key>lastKnownFileType</key>
			<string>sourcecode.c.objc</string>
			<key>path</key>
			<string>UserRoles.m</string>
			<key>sourceTree</key>
			<string>&lt;group&gt;</string>
		</dict>
		<key>D6A833E511CDBF35001B8585</key>
		<dict>
			<key>fileEncoding</key>
			<string>4</string>
			<key>isa</key>
			<string>PBXFileReference</string>
			<key>lastKnownFileType</key>
			<string>sourcecode.c.h</string>
			<key>path</key>
			<string>EmployeeAdminMediator.h</string>
			<key>sourceTree</key>
			<string>&lt;group&gt;</string>
		</dict>
		<key>D6A833E611CDBF35001B8585</key>
		<dict>
			<key>fileEncoding</key>
			<string>4</string>
			<key>isa</key>
			<string>PBXFileReference</string>
			<key>lastKnownFileType</key>
			<string>sourcecode.c.objc</string>
			<key>path</key>
			<string>EmployeeAdminMediator.m</string>
			<key>sourceTree</key>
			<string>&lt;group&gt;</string>
		</dict>
		<key>D6A833E711CDBF35001B8585</key>
		<dict>
			<key>fileEncoding</key>
			<string>4</string>
			<key>isa</key>
			<string>PBXFileReference</string>
			<key>lastKnownFileType</key>
			<string>sourcecode.c.h</string>
			<key>path</key>
			<string>UserFormMediator.h</string>
			<key>sourceTree</key>
			<string>&lt;group&gt;</string>
		</dict>
		<key>D6A833E811CDBF35001B8585</key>
		<dict>
			<key>fileEncoding</key>
			<string>4</string>
			<key>isa</key>
			<string>PBXFileReference</string>
			<key>lastKnownFileType</key>
			<string>sourcecode.c.objc</string>
			<key>path</key>
			<string>UserFormMediator.m</string>
			<key>sourceTree</key>
			<string>&lt;group&gt;</string>
		</dict>
		<key>D6A833E911CDBF35001B8585</key>
		<dict>
			<key>fileEncoding</key>
			<string>4</string>
			<key>isa</key>
			<string>PBXFileReference</string>
			<key>lastKnownFileType</key>
			<string>sourcecode.c.h</string>
			<key>path</key>
			<string>UserListMediator.h</string>
			<key>sourceTree</key>
			<string>&lt;group&gt;</string>
		</dict>
		<key>D6A833EA11CDBF35001B8585</key>
		<dict>
			<key>fileEncoding</key>
			<string>4</string>
			<key>isa</key>
			<string>PBXFileReference</string>
			<key>lastKnownFileType</key>
			<string>sourcecode.c.objc</string>
			<key>path</key>
			<string>UserListMediator.m</string>
			<key>sourceTree</key>
			<string>&lt;group&gt;</string>
		</dict>
		<key>D6A833EB11CDBF35001B8585</key>
		<dict>
			<key>fileEncoding</key>
			<string>4</string>
			<key>isa</key>
			<string>PBXFileReference</string>
			<key>lastKnownFileType</key>
			<string>sourcecode.c.h</string>
			<key>path</key>
			<string>UserRolesMediator.h</string>
			<key>sourceTree</key>
			<string>&lt;group&gt;</string>
		</dict>
		<key>D6A833EC11CDBF35001B8585</key>
		<dict>
			<key>fileEncoding</key>
			<string>4</string>
			<key>isa</key>
			<string>PBXFileReference</string>
			<key>lastKnownFileType</key>
			<string>sourcecode.c.objc</string>
			<key>path</key>
			<string>UserRolesMediator.m</string>
			<key>sourceTree</key>
			<string>&lt;group&gt;</string>
		</dict>
		<key>D6A833ED11CDBF35001B8585</key>
		<dict>
			<key>fileRef</key>
			<string>D6A833B411CDBF35001B8585</string>
			<key>isa</key>
			<string>PBXBuildFile</string>
		</dict>
		<key>D6A833EF11CDBF35001B8585</key>
		<dict>
			<key>fileRef</key>
			<string>D6A833BE11CDBF35001B8585</string>
			<key>isa</key>
			<string>PBXBuildFile</string>
		</dict>
		<key>D6A833F011CDBF35001B8585</key>
		<dict>
			<key>fileRef</key>
			<string>D6A833C111CDBF35001B8585</string>
			<key>isa</key>
			<string>PBXBuildFile</string>
		</dict>
		<key>D6A833F111CDBF35001B8585</key>
		<dict>
			<key>fileRef</key>
			<string>D6A833C311CDBF35001B8585</string>
			<key>isa</key>
			<string>PBXBuildFile</string>
		</dict>
		<key>D6A833F211CDBF35001B8585</key>
		<dict>
			<key>fileRef</key>
			<string>D6A833C511CDBF35001B8585</string>
			<key>isa</key>
			<string>PBXBuildFile</string>
		</dict>
		<key>D6A833F311CDBF35001B8585</key>
		<dict>
			<key>fileRef</key>
			<string>D6A833C711CDBF35001B8585</string>
			<key>isa</key>
			<string>PBXBuildFile</string>
		</dict>
		<key>D6A833F411CDBF35001B8585</key>
		<dict>
			<key>fileRef</key>
			<string>D6A833C911CDBF35001B8585</string>
			<key>isa</key>
			<string>PBXBuildFile</string>
		</dict>
		<key>D6A833F511CDBF35001B8585</key>
		<dict>
			<key>fileRef</key>
			<string>D6A833CB11CDBF35001B8585</string>
			<key>isa</key>
			<string>PBXBuildFile</string>
		</dict>
		<key>D6A833F611CDBF35001B8585</key>
		<dict>
			<key>fileRef</key>
			<string>D6A833CD11CDBF35001B8585</string>
			<key>isa</key>
			<string>PBXBuildFile</string>
		</dict>
		<key>D6A833F711CDBF35001B8585</key>
		<dict>
			<key>fileRef</key>
			<string>D6A833D111CDBF35001B8585</string>
			<key>isa</key>
			<string>PBXBuildFile</string>
		</dict>
		<key>D6A833F811CDBF35001B8585</key>
		<dict>
			<key>fileRef</key>
			<string>D6A833D311CDBF35001B8585</string>
			<key>isa</key>
			<string>PBXBuildFile</string>
		</dict>
		<key>D6A833F911CDBF35001B8585</key>
		<dict>
			<key>fileRef</key>
			<string>D6A833D511CDBF35001B8585</string>
			<key>isa</key>
			<string>PBXBuildFile</string>
		</dict>
		<key>D6A833FA11CDBF35001B8585</key>
		<dict>
			<key>fileRef</key>
			<string>D6A833D811CDBF35001B8585</string>
			<key>isa</key>
			<string>PBXBuildFile</string>
		</dict>
		<key>D6A833FB11CDBF35001B8585</key>
		<dict>
			<key>fileRef</key>
			<string>D6A833DA11CDBF35001B8585</string>
			<key>isa</key>
			<string>PBXBuildFile</string>
		</dict>
		<key>D6A833FC11CDBF35001B8585</key>
		<dict>
			<key>fileRef</key>
			<string>D6A833DE11CDBF35001B8585</string>
			<key>isa</key>
			<string>PBXBuildFile</string>
		</dict>
		<key>D6A833FD11CDBF35001B8585</key>
		<dict>
			<key>fileRef</key>
			<string>D6A833E011CDBF35001B8585</string>
			<key>isa</key>
			<string>PBXBuildFile</string>
		</dict>
		<key>D6A833FE11CDBF35001B8585</key>
		<dict>
			<key>fileRef</key>
			<string>D6A833E211CDBF35001B8585</string>
			<key>isa</key>
			<string>PBXBuildFile</string>
		</dict>
		<key>D6A833FF11CDBF35001B8585</key>
		<dict>
			<key>fileRef</key>
			<string>D6A833E411CDBF35001B8585</string>
			<key>isa</key>
			<string>PBXBuildFile</string>
		</dict>
		<key>D6A8340011CDBF35001B8585</key>
		<dict>
			<key>fileRef</key>
			<string>D6A833E611CDBF35001B8585</string>
			<key>isa</key>
			<string>PBXBuildFile</string>
		</dict>
		<key>D6A8340111CDBF35001B8585</key>
		<dict>
			<key>fileRef</key>
			<string>D6A833E811CDBF35001B8585</string>
			<key>isa</key>
			<string>PBXBuildFile</string>
		</dict>
		<key>D6A8340211CDBF35001B8585</key>
		<dict>
			<key>fileRef</key>
			<string>D6A833EA11CDBF35001B8585</string>
			<key>isa</key>
			<string>PBXBuildFile</string>
		</dict>
		<key>D6A8340311CDBF35001B8585</key>
		<dict>
			<key>fileRef</key>
			<string>D6A833EC11CDBF35001B8585</string>
			<key>isa</key>
			<string>PBXBuildFile</string>
		</dict>
		<key>D6A8351C11CDC3D3001B8585</key>
		<dict>
			<key>isa</key>
			<string>PBXFileReference</string>
			<key>lastKnownFileType</key>
			<string>text.plist.xml</string>
			<key>path</key>
			<string>EmployeeAdmin-Info copy.plist</string>
			<key>sourceTree</key>
			<string>&lt;group&gt;</string>
		</dict>
		<key>D6A8368211CDC5BA001B8585</key>
		<dict>
			<key>isa</key>
			<string>PBXFileReference</string>
			<key>lastKnownFileType</key>
			<string>wrapper.framework</string>
			<key>name</key>
			<string>CFNetwork.framework</string>
			<key>path</key>
			<string>System/Library/Frameworks/CFNetwork.framework</string>
			<key>sourceTree</key>
			<string>SDKROOT</string>
		</dict>
		<key>D6A8368C11CDC755001B8585</key>
		<dict>
			<key>fileRef</key>
			<string>29B97316FDCFA39411CA2CEA</string>
			<key>isa</key>
			<string>PBXBuildFile</string>
		</dict>
	</dict>
	<key>rootObject</key>
	<string>29B97313FDCFA39411CA2CEA</string>
</dict>
</plist>
